
Microsoft Visual Studio Solution File, Format Version 12.00
# Visual Studio Version 17
VisualStudioVersion = 17.7.34031.279
MinimumVisualStudioVersion = 10.0.40219.1
Project("{9A19103F-16F7-4668-BE54-9A1E7A4F7556}") = "Api_Soma", "Api_Soma.csproj", "{046C7E85-C0A1-41B9-A823-BC6A6E73BB8E}"
EndProject
Global
	GlobalSection(SolutionConfigurationPlatforms) = preSolution
		Debug|Any CPU = Debug|Any CPU
		Release|Any CPU = Release|Any CPU
	EndGlobalSection
	GlobalSection(ProjectConfigurationPlatforms) = postSolution
		{046C7E85-C0A1-41B9-A823-BC6A6E73BB8E}.Debug|Any CPU.ActiveCfg = Debug|Any CPU
		{046C7E85-C0A1-41B9-A823-BC6A6E73BB8E}.Debug|Any CPU.Build.0 = Debug|Any CPU
		{046C7E85-C0A1-41B9-A823-BC6A6E73BB8E}.Release|Any CPU.ActiveCfg = Release|Any CPU
		{046C7E85-C0A1-41B9-A823-BC6A6E73BB8E}.Release|Any CPU.Build.0 = Release|Any CPU
	EndGlobalSection
	GlobalSection(SolutionProperties) = preSolution
		HideSolutionNode = FALSE
	EndGlobalSection
	GlobalSection(ExtensibilityGlobals) = postSolution
		SolutionGuid = {78317E26-0093-43D3-AE3B-138D53DCCDA3}
	EndGlobalSection
EndGlobal
